
Microsoft Visual Studio Solution File, Format Version 12.00
# Visual Studio 15
VisualStudioVersion = 15.0.27428.2037
MinimumVisualStudioVersion = 10.0.40219.1
Project("{9A19103F-16F7-4668-BE54-9A1E7A4F7556}") = "Iris.Messaging", "Iris.Messaging\Iris.Messaging.csproj", "{2728F7E1-782A-42CA-82DE-B835F1E039D3}"
EndProject
Project("{9A19103F-16F7-4668-BE54-9A1E7A4F7556}") = "Iris.Messaging.TestDatabase", "Iris.Messaging.TestDatabase\Iris.Messaging.TestDatabase.csproj", "{021B6281-8D2F-4D5F-91E4-0201B1576C81}"
EndProject
Project("{FAE04EC0-301F-11D3-BF4B-00C04F79EFBC}") = "Iris.Messaging.App.Android", "Iris.Messaging.App\Iris.Messaging.App.Android\Iris.Messaging.App.Android.csproj", "{634ADA29-F11E-489D-AA95-2EF16457ED1E}"
EndProject
Project("{FAE04EC0-301F-11D3-BF4B-00C04F79EFBC}") = "Iris.Messaging.App.iOS", "Iris.Messaging.App\Iris.Messaging.App.iOS\Iris.Messaging.App.iOS.csproj", "{D45E7840-15E5-4925-8FD2-9328629270BD}"
EndProject
Project("{FAE04EC0-301F-11D3-BF4B-00C04F79EFBC}") = "Iris.Messaging.App", "Iris.Messaging.App\Iris.Messaging.App\Iris.Messaging.App.csproj", "{3BDC3FE7-37EC-4CA6-B9D4-B3CAD4AF4A19}"
EndProject
Global
	GlobalSection(SolutionConfigurationPlatforms) = preSolution
		Ad-Hoc|Any CPU = Ad-Hoc|Any CPU
		Ad-Hoc|iPhone = Ad-Hoc|iPhone
		Ad-Hoc|iPhoneSimulator = Ad-Hoc|iPhoneSimulator
		AppStore|Any CPU = AppStore|Any CPU
		AppStore|iPhone = AppStore|iPhone
		AppStore|iPhoneSimulator = AppStore|iPhoneSimulator
		Debug|Any CPU = Debug|Any CPU
		Debug|iPhone = Debug|iPhone
		Debug|iPhoneSimulator = Debug|iPhoneSimulator
		Release|Any CPU = Release|Any CPU
		Release|iPhone = Release|iPhone
		Release|iPhoneSimulator = Release|iPhoneSimulator
	EndGlobalSection
	GlobalSection(ProjectConfigurationPlatforms) = postSolution
		{2728F7E1-782A-42CA-82DE-B835F1E039D3}.Ad-Hoc|Any CPU.ActiveCfg = Release|Any CPU
		{2728F7E1-782A-42CA-82DE-B835F1E039D3}.Ad-Hoc|Any CPU.Build.0 = Release|Any CPU
		{2728F7E1-782A-42CA-82DE-B835F1E039D3}.Ad-Hoc|iPhone.ActiveCfg = Release|Any CPU
		{2728F7E1-782A-42CA-82DE-B835F1E039D3}.Ad-Hoc|iPhone.Build.0 = Release|Any CPU
		{2728F7E1-782A-42CA-82DE-B835F1E039D3}.Ad-Hoc|iPhoneSimulator.ActiveCfg = Release|Any CPU
		{2728F7E1-782A-42CA-82DE-B835F1E039D3}.Ad-Hoc|iPhoneSimulator.Build.0 = Release|Any CPU
		{2728F7E1-782A-42CA-82DE-B835F1E039D3}.AppStore|Any CPU.ActiveCfg = Release|Any CPU
		{2728F7E1-782A-42CA-82DE-B835F1E039D3}.AppStore|Any CPU.Build.0 = Release|Any CPU
		{2728F7E1-782A-42CA-82DE-B835F1E039D3}.AppStore|iPhone.ActiveCfg = Release|Any CPU
		{2728F7E1-782A-42CA-82DE-B835F1E039D3}.AppStore|iPhone.Build.0 = Release|Any CPU
		{2728F7E1-782A-42CA-82DE-B835F1E039D3}.AppStore|iPhoneSimulator.ActiveCfg = Release|Any CPU
		{2728F7E1-782A-42CA-82DE-B835F1E039D3}.AppStore|iPhoneSimulator.Build.0 = Release|Any CPU
		{2728F7E1-782A-42CA-82DE-B835F1E039D3}.Debug|Any CPU.ActiveCfg = Debug|Any CPU
		{2728F7E1-782A-42CA-82DE-B835F1E039D3}.Debug|Any CPU.Build.0 = Debug|Any CPU
		{2728F7E1-782A-42CA-82DE-B835F1E039D3}.Debug|iPhone.ActiveCfg = Debug|Any CPU
		{2728F7E1-782A-42CA-82DE-B835F1E039D3}.Debug|iPhone.Build.0 = Debug|Any CPU
		{2728F7E1-782A-42CA-82DE-B835F1E039D3}.Debug|iPhoneSimulator.ActiveCfg = Debug|Any CPU
		{2728F7E1-782A-42CA-82DE-B835F1E039D3}.Debug|iPhoneSimulator.Build.0 = Debug|Any CPU
		{2728F7E1-782A-42CA-82DE-B835F1E039D3}.Release|Any CPU.ActiveCfg = Release|Any CPU
		{2728F7E1-782A-42CA-82DE-B835F1E039D3}.Release|Any CPU.Build.0 = Release|Any CPU
		{2728F7E1-782A-42CA-82DE-B835F1E039D3}.Release|iPhone.ActiveCfg = Release|Any CPU
		{2728F7E1-782A-42CA-82DE-B835F1E039D3}.Release|iPhone.Build.0 = Release|Any CPU
		{2728F7E1-782A-42CA-82DE-B835F1E039D3}.Release|iPhoneSimulator.ActiveCfg = Release|Any CPU
		{2728F7E1-782A-42CA-82DE-B835F1E039D3}.Release|iPhoneSimulator.Build.0 = Release|Any CPU
		{021B6281-8D2F-4D5F-91E4-0201B1576C81}.Ad-Hoc|Any CPU.ActiveCfg = Release|Any CPU
		{021B6281-8D2F-4D5F-91E4-0201B1576C81}.Ad-Hoc|Any CPU.Build.0 = Release|Any CPU
		{021B6281-8D2F-4D5F-91E4-0201B1576C81}.Ad-Hoc|iPhone.ActiveCfg = Release|Any CPU
		{021B6281-8D2F-4D5F-91E4-0201B1576C81}.Ad-Hoc|iPhone.Build.0 = Release|Any CPU
		{021B6281-8D2F-4D5F-91E4-0201B1576C81}.Ad-Hoc|iPhoneSimulator.ActiveCfg = Release|Any CPU
		{021B6281-8D2F-4D5F-91E4-0201B1576C81}.Ad-Hoc|iPhoneSimulator.Build.0 = Release|Any CPU
		{021B6281-8D2F-4D5F-91E4-0201B1576C81}.AppStore|Any CPU.ActiveCfg = Release|Any CPU
		{021B6281-8D2F-4D5F-91E4-0201B1576C81}.AppStore|Any CPU.Build.0 = Release|Any CPU
		{021B6281-8D2F-4D5F-91E4-0201B1576C81}.AppStore|iPhone.ActiveCfg = Release|Any CPU
		{021B6281-8D2F-4D5F-91E4-0201B1576C81}.AppStore|iPhone.Build.0 = Release|Any CPU
		{021B6281-8D2F-4D5F-91E4-0201B1576C81}.AppStore|iPhoneSimulator.ActiveCfg = Release|Any CPU
		{021B6281-8D2F-4D5F-91E4-0201B1576C81}.AppStore|iPhoneSimulator.Build.0 = Release|Any CPU
		{021B6281-8D2F-4D5F-91E4-0201B1576C81}.Debug|Any CPU.ActiveCfg = Debug|Any CPU
		{021B6281-8D2F-4D5F-91E4-0201B1576C81}.Debug|Any CPU.Build.0 = Debug|Any CPU
		{021B6281-8D2F-4D5F-91E4-0201B1576C81}.Debug|iPhone.ActiveCfg = Debug|Any CPU
		{021B6281-8D2F-4D5F-91E4-0201B1576C81}.Debug|iPhone.Build.0 = Debug|Any CPU
		{021B6281-8D2F-4D5F-91E4-0201B1576C81}.Debug|iPhoneSimulator.ActiveCfg = Debug|Any CPU
		{021B6281-8D2F-4D5F-91E4-0201B1576C81}.Debug|iPhoneSimulator.Build.0 = Debug|Any CPU
		{021B6281-8D2F-4D5F-91E4-0201B1576C81}.Release|Any CPU.ActiveCfg = Release|Any CPU
		{021B6281-8D2F-4D5F-91E4-0201B1576C81}.Release|Any CPU.Build.0 = Release|Any CPU
		{021B6281-8D2F-4D5F-91E4-0201B1576C81}.Release|iPhone.ActiveCfg = Release|Any CPU
		{021B6281-8D2F-4D5F-91E4-0201B1576C81}.Release|iPhone.Build.0 = Release|Any CPU
		{021B6281-8D2F-4D5F-91E4-0201B1576C81}.Release|iPhoneSimulator.ActiveCfg = Release|Any CPU
		{021B6281-8D2F-4D5F-91E4-0201B1576C81}.Release|iPhoneSimulator.Build.0 = Release|Any CPU
		{634ADA29-F11E-489D-AA95-2EF16457ED1E}.Ad-Hoc|Any CPU.ActiveCfg = Release|Any CPU
		{634ADA29-F11E-489D-AA95-2EF16457ED1E}.Ad-Hoc|Any CPU.Build.0 = Release|Any CPU
		{634ADA29-F11E-489D-AA95-2EF16457ED1E}.Ad-Hoc|Any CPU.Deploy.0 = Release|Any CPU
		{634ADA29-F11E-489D-AA95-2EF16457ED1E}.Ad-Hoc|iPhone.ActiveCfg = Release|Any CPU
		{634ADA29-F11E-489D-AA95-2EF16457ED1E}.Ad-Hoc|iPhone.Build.0 = Release|Any CPU
		{634ADA29-F11E-489D-AA95-2EF16457ED1E}.Ad-Hoc|iPhone.Deploy.0 = Release|Any CPU
		{634ADA29-F11E-489D-AA95-2EF16457ED1E}.Ad-Hoc|iPhoneSimulator.ActiveCfg = Release|Any CPU
		{634ADA29-F11E-489D-AA95-2EF16457ED1E}.Ad-Hoc|iPhoneSimulator.Build.0 = Release|Any CPU
		{634ADA29-F11E-489D-AA95-2EF16457ED1E}.Ad-Hoc|iPhoneSimulator.Deploy.0 = Release|Any CPU
		{634ADA29-F11E-489D-AA95-2EF16457ED1E}.AppStore|Any CPU.ActiveCfg = Release|Any CPU
		{634ADA29-F11E-489D-AA95-2EF16457ED1E}.AppStore|Any CPU.Build.0 = Release|Any CPU
		{634ADA29-F11E-489D-AA95-2EF16457ED1E}.AppStore|Any CPU.Deploy.0 = Release|Any CPU
		{634ADA29-F11E-489D-AA95-2EF16457ED1E}.AppStore|iPhone.ActiveCfg = Release|Any CPU
		{634ADA29-F11E-489D-AA95-2EF16457ED1E}.AppStore|iPhone.Build.0 = Release|Any CPU
		{634ADA29-F11E-489D-AA95-2EF16457ED1E}.AppStore|iPhone.Deploy.0 = Release|Any CPU
		{634ADA29-F11E-489D-AA95-2EF16457ED1E}.AppStore|iPhoneSimulator.ActiveCfg = Release|Any CPU
		{634ADA29-F11E-489D-AA95-2EF16457ED1E}.AppStore|iPhoneSimulator.Build.0 = Release|Any CPU
		{634ADA29-F11E-489D-AA95-2EF16457ED1E}.AppStore|iPhoneSimulator.Deploy.0 = Release|Any CPU
		{634ADA29-F11E-489D-AA95-2EF16457ED1E}.Debug|Any CPU.ActiveCfg = Debug|Any CPU
		{634ADA29-F11E-489D-AA95-2EF16457ED1E}.Debug|Any CPU.Build.0 = Debug|Any CPU
		{634ADA29-F11E-489D-AA95-2EF16457ED1E}.Debug|Any CPU.Deploy.0 = Debug|Any CPU
		{634ADA29-F11E-489D-AA95-2EF16457ED1E}.Debug|iPhone.ActiveCfg = Debug|Any CPU
		{634ADA29-F11E-489D-AA95-2EF16457ED1E}.Debug|iPhone.Build.0 = Debug|Any CPU
		{634ADA29-F11E-489D-AA95-2EF16457ED1E}.Debug|iPhone.Deploy.0 = Debug|Any CPU
		{634ADA29-F11E-489D-AA95-2EF16457ED1E}.Debug|iPhoneSimulator.ActiveCfg = Debug|Any CPU
		{634ADA29-F11E-489D-AA95-2EF16457ED1E}.Debug|iPhoneSimulator.Build.0 = Debug|Any CPU
		{634ADA29-F11E-489D-AA95-2EF16457ED1E}.Debug|iPhoneSimulator.Deploy.0 = Debug|Any CPU
		{634ADA29-F11E-489D-AA95-2EF16457ED1E}.Release|Any CPU.ActiveCfg = Release|Any CPU
		{634ADA29-F11E-489D-AA95-2EF16457ED1E}.Release|Any CPU.Build.0 = Release|Any CPU
		{634ADA29-F11E-489D-AA95-2EF16457ED1E}.Release|Any CPU.Deploy.0 = Release|Any CPU
		{634ADA29-F11E-489D-AA95-2EF16457ED1E}.Release|iPhone.ActiveCfg = Release|Any CPU
		{634ADA29-F11E-489D-AA95-2EF16457ED1E}.Release|iPhone.Build.0 = Release|Any CPU
		{634ADA29-F11E-489D-AA95-2EF16457ED1E}.Release|iPhone.Deploy.0 = Release|Any CPU
		{634ADA29-F11E-489D-AA95-2EF16457ED1E}.Release|iPhoneSimulator.ActiveCfg = Release|Any CPU
		{634ADA29-F11E-489D-AA95-2EF16457ED1E}.Release|iPhoneSimulator.Build.0 = Release|Any CPU
		{634ADA29-F11E-489D-AA95-2EF16457ED1E}.Release|iPhoneSimulator.Deploy.0 = Release|Any CPU
		{D45E7840-15E5-4925-8FD2-9328629270BD}.Ad-Hoc|Any CPU.ActiveCfg = Ad-Hoc|iPhone
		{D45E7840-15E5-4925-8FD2-9328629270BD}.Ad-Hoc|iPhone.ActiveCfg = Ad-Hoc|iPhone
		{D45E7840-15E5-4925-8FD2-9328629270BD}.Ad-Hoc|iPhone.Build.0 = Ad-Hoc|iPhone
		{D45E7840-15E5-4925-8FD2-9328629270BD}.Ad-Hoc|iPhoneSimulator.ActiveCfg = Ad-Hoc|iPhoneSimulator
		{D45E7840-15E5-4925-8FD2-9328629270BD}.Ad-Hoc|iPhoneSimulator.Build.0 = Ad-Hoc|iPhoneSimulator
		{D45E7840-15E5-4925-8FD2-9328629270BD}.AppStore|Any CPU.ActiveCfg = AppStore|iPhone
		{D45E7840-15E5-4925-8FD2-9328629270BD}.AppStore|iPhone.ActiveCfg = AppStore|iPhone
		{D45E7840-15E5-4925-8FD2-9328629270BD}.AppStore|iPhone.Build.0 = AppStore|iPhone
		{D45E7840-15E5-4925-8FD2-9328629270BD}.AppStore|iPhoneSimulator.ActiveCfg = AppStore|iPhoneSimulator
		{D45E7840-15E5-4925-8FD2-9328629270BD}.AppStore|iPhoneSimulator.Build.0 = AppStore|iPhoneSimulator
		{D45E7840-15E5-4925-8FD2-9328629270BD}.Debug|Any CPU.ActiveCfg = Debug|iPhone
		{D45E7840-15E5-4925-8FD2-9328629270BD}.Debug|iPhone.ActiveCfg = Debug|iPhone
		{D45E7840-15E5-4925-8FD2-9328629270BD}.Debug|iPhone.Build.0 = Debug|iPhone
		{D45E7840-15E5-4925-8FD2-9328629270BD}.Debug|iPhoneSimulator.ActiveCfg = Debug|iPhoneSimulator
		{D45E7840-15E5-4925-8FD2-9328629270BD}.Debug|iPhoneSimulator.Build.0 = Debug|iPhoneSimulator
		{D45E7840-15E5-4925-8FD2-9328629270BD}.Release|Any CPU.ActiveCfg = Release|iPhone
		{D45E7840-15E5-4925-8FD2-9328629270BD}.Release|iPhone.ActiveCfg = Release|iPhone
		{D45E7840-15E5-4925-8FD2-9328629270BD}.Release|iPhone.Build.0 = Release|iPhone
		{D45E7840-15E5-4925-8FD2-9328629270BD}.Release|iPhoneSimulator.ActiveCfg = Release|iPhoneSimulator
		{D45E7840-15E5-4925-8FD2-9328629270BD}.Release|iPhoneSimulator.Build.0 = Release|iPhoneSimulator
		{3BDC3FE7-37EC-4CA6-B9D4-B3CAD4AF4A19}.Ad-Hoc|Any CPU.ActiveCfg = Debug|Any CPU
		{3BDC3FE7-37EC-4CA6-B9D4-B3CAD4AF4A19}.Ad-Hoc|Any CPU.Build.0 = Debug|Any CPU
		{3BDC3FE7-37EC-4CA6-B9D4-B3CAD4AF4A19}.Ad-Hoc|iPhone.ActiveCfg = Debug|Any CPU
		{3BDC3FE7-37EC-4CA6-B9D4-B3CAD4AF4A19}.Ad-Hoc|iPhone.Build.0 = Debug|Any CPU
		{3BDC3FE7-37EC-4CA6-B9D4-B3CAD4AF4A19}.Ad-Hoc|iPhoneSimulator.ActiveCfg = Debug|Any CPU
		{3BDC3FE7-37EC-4CA6-B9D4-B3CAD4AF4A19}.Ad-Hoc|iPhoneSimulator.Build.0 = Debug|Any CPU
		{3BDC3FE7-37EC-4CA6-B9D4-B3CAD4AF4A19}.AppStore|Any CPU.ActiveCfg = Debug|Any CPU
		{3BDC3FE7-37EC-4CA6-B9D4-B3CAD4AF4A19}.AppStore|Any CPU.Build.0 = Debug|Any CPU
		{3BDC3FE7-37EC-4CA6-B9D4-B3CAD4AF4A19}.AppStore|iPhone.ActiveCfg = Debug|Any CPU
		{3BDC3FE7-37EC-4CA6-B9D4-B3CAD4AF4A19}.AppStore|iPhone.Build.0 = Debug|Any CPU
		{3BDC3FE7-37EC-4CA6-B9D4-B3CAD4AF4A19}.AppStore|iPhoneSimulator.ActiveCfg = Debug|Any CPU
		{3BDC3FE7-37EC-4CA6-B9D4-B3CAD4AF4A19}.AppStore|iPhoneSimulator.Build.0 = Debug|Any CPU
		{3BDC3FE7-37EC-4CA6-B9D4-B3CAD4AF4A19}.Debug|Any CPU.ActiveCfg = Debug|Any CPU
		{3BDC3FE7-37EC-4CA6-B9D4-B3CAD4AF4A19}.Debug|Any CPU.Build.0 = Debug|Any CPU
		{3BDC3FE7-37EC-4CA6-B9D4-B3CAD4AF4A19}.Debug|iPhone.ActiveCfg = Debug|Any CPU
		{3BDC3FE7-37EC-4CA6-B9D4-B3CAD4AF4A19}.Debug|iPhone.Build.0 = Debug|Any CPU
		{3BDC3FE7-37EC-4CA6-B9D4-B3CAD4AF4A19}.Debug|iPhoneSimulator.ActiveCfg = Debug|Any CPU
		{3BDC3FE7-37EC-4CA6-B9D4-B3CAD4AF4A19}.Debug|iPhoneSimulator.Build.0 = Debug|Any CPU
		{3BDC3FE7-37EC-4CA6-B9D4-B3CAD4AF4A19}.Release|Any CPU.ActiveCfg = Release|Any CPU
		{3BDC3FE7-37EC-4CA6-B9D4-B3CAD4AF4A19}.Release|Any CPU.Build.0 = Release|Any CPU
		{3BDC3FE7-37EC-4CA6-B9D4-B3CAD4AF4A19}.Release|iPhone.ActiveCfg = Release|Any CPU
		{3BDC3FE7-37EC-4CA6-B9D4-B3CAD4AF4A19}.Release|iPhone.Build.0 = Release|Any CPU
		{3BDC3FE7-37EC-4CA6-B9D4-B3CAD4AF4A19}.Release|iPhoneSimulator.ActiveCfg = Release|Any CPU
		{3BDC3FE7-37EC-4CA6-B9D4-B3CAD4AF4A19}.Release|iPhoneSimulator.Build.0 = Release|Any CPU
	EndGlobalSection
	GlobalSection(SolutionProperties) = preSolution
		HideSolutionNode = FALSE
	EndGlobalSection
	GlobalSection(ExtensibilityGlobals) = postSolution
		SolutionGuid = {0EBA1FA3-A975-429C-9661-EF3519DAA9D4}
	EndGlobalSection
EndGlobal
