
Microsoft Visual Studio Solution File, Format Version 12.00
# Visual Studio 15
VisualStudioVersion = 15.0.26730.10
MinimumVisualStudioVersion = 10.0.40219.1
Project("{9A19103F-16F7-4668-BE54-9A1E7A4F7556}") = "Iris.Messaging.App", "Iris.Messaging.App\Iris.Messaging.App\Iris.Messaging.App.csproj", "{AB779CB6-40C4-4135-94B3-BB55538093C4}"
EndProject
Project("{FAE04EC0-301F-11D3-BF4B-00C04F79EFBC}") = "Iris.Messaging.App.iOS", "Iris.Messaging.App\Iris.Messaging.App.iOS\Iris.Messaging.App.iOS.csproj", "{D45E7840-15E5-4925-8FD2-9328629270BD}"
EndProject
Project("{FAE04EC0-301F-11D3-BF4B-00C04F79EFBC}") = "Iris.Messaging.App.Android", "Iris.Messaging.App\Iris.Messaging.App.Android\Iris.Messaging.App.Android.csproj", "{634ADA29-F11E-489D-AA95-2EF16457ED1E}"
EndProject
Global
	GlobalSection(SolutionConfigurationPlatforms) = preSolution
		Ad-Hoc|Any CPU = Ad-Hoc|Any CPU
		Ad-Hoc|ARM = Ad-Hoc|ARM
		Ad-Hoc|iPhone = Ad-Hoc|iPhone
		Ad-Hoc|iPhoneSimulator = Ad-Hoc|iPhoneSimulator
		Ad-Hoc|x64 = Ad-Hoc|x64
		Ad-Hoc|x86 = Ad-Hoc|x86
		AppStore|Any CPU = AppStore|Any CPU
		AppStore|ARM = AppStore|ARM
		AppStore|iPhone = AppStore|iPhone
		AppStore|iPhoneSimulator = AppStore|iPhoneSimulator
		AppStore|x64 = AppStore|x64
		AppStore|x86 = AppStore|x86
		Debug|Any CPU = Debug|Any CPU
		Debug|ARM = Debug|ARM
		Debug|iPhone = Debug|iPhone
		Debug|iPhoneSimulator = Debug|iPhoneSimulator
		Debug|x64 = Debug|x64
		Debug|x86 = Debug|x86
		Release|Any CPU = Release|Any CPU
		Release|ARM = Release|ARM
		Release|iPhone = Release|iPhone
		Release|iPhoneSimulator = Release|iPhoneSimulator
		Release|x64 = Release|x64
		Release|x86 = Release|x86
	EndGlobalSection
	GlobalSection(ProjectConfigurationPlatforms) = postSolution
		{AB779CB6-40C4-4135-94B3-BB55538093C4}.Ad-Hoc|Any CPU.ActiveCfg = Debug|Any CPU
		{AB779CB6-40C4-4135-94B3-BB55538093C4}.Ad-Hoc|Any CPU.Build.0 = Debug|Any CPU
		{AB779CB6-40C4-4135-94B3-BB55538093C4}.Ad-Hoc|ARM.ActiveCfg = Debug|Any CPU
		{AB779CB6-40C4-4135-94B3-BB55538093C4}.Ad-Hoc|ARM.Build.0 = Debug|Any CPU
		{AB779CB6-40C4-4135-94B3-BB55538093C4}.Ad-Hoc|iPhone.ActiveCfg = Debug|Any CPU
		{AB779CB6-40C4-4135-94B3-BB55538093C4}.Ad-Hoc|iPhone.Build.0 = Debug|Any CPU
		{AB779CB6-40C4-4135-94B3-BB55538093C4}.Ad-Hoc|iPhoneSimulator.ActiveCfg = Debug|Any CPU
		{AB779CB6-40C4-4135-94B3-BB55538093C4}.Ad-Hoc|iPhoneSimulator.Build.0 = Debug|Any CPU
		{AB779CB6-40C4-4135-94B3-BB55538093C4}.Ad-Hoc|x64.ActiveCfg = Debug|Any CPU
		{AB779CB6-40C4-4135-94B3-BB55538093C4}.Ad-Hoc|x64.Build.0 = Debug|Any CPU
		{AB779CB6-40C4-4135-94B3-BB55538093C4}.Ad-Hoc|x86.ActiveCfg = Debug|Any CPU
		{AB779CB6-40C4-4135-94B3-BB55538093C4}.Ad-Hoc|x86.Build.0 = Debug|Any CPU
		{AB779CB6-40C4-4135-94B3-BB55538093C4}.AppStore|Any CPU.ActiveCfg = Debug|Any CPU
		{AB779CB6-40C4-4135-94B3-BB55538093C4}.AppStore|Any CPU.Build.0 = Debug|Any CPU
		{AB779CB6-40C4-4135-94B3-BB55538093C4}.AppStore|ARM.ActiveCfg = Debug|Any CPU
		{AB779CB6-40C4-4135-94B3-BB55538093C4}.AppStore|ARM.Build.0 = Debug|Any CPU
		{AB779CB6-40C4-4135-94B3-BB55538093C4}.AppStore|iPhone.ActiveCfg = Debug|Any CPU
		{AB779CB6-40C4-4135-94B3-BB55538093C4}.AppStore|iPhone.Build.0 = Debug|Any CPU
		{AB779CB6-40C4-4135-94B3-BB55538093C4}.AppStore|iPhoneSimulator.ActiveCfg = Debug|Any CPU
		{AB779CB6-40C4-4135-94B3-BB55538093C4}.AppStore|iPhoneSimulator.Build.0 = Debug|Any CPU
		{AB779CB6-40C4-4135-94B3-BB55538093C4}.AppStore|x64.ActiveCfg = Debug|Any CPU
		{AB779CB6-40C4-4135-94B3-BB55538093C4}.AppStore|x64.Build.0 = Debug|Any CPU
		{AB779CB6-40C4-4135-94B3-BB55538093C4}.AppStore|x86.ActiveCfg = Debug|Any CPU
		{AB779CB6-40C4-4135-94B3-BB55538093C4}.AppStore|x86.Build.0 = Debug|Any CPU
		{AB779CB6-40C4-4135-94B3-BB55538093C4}.Debug|Any CPU.ActiveCfg = Debug|Any CPU
		{AB779CB6-40C4-4135-94B3-BB55538093C4}.Debug|Any CPU.Build.0 = Debug|Any CPU
		{AB779CB6-40C4-4135-94B3-BB55538093C4}.Debug|ARM.ActiveCfg = Debug|Any CPU
		{AB779CB6-40C4-4135-94B3-BB55538093C4}.Debug|ARM.Build.0 = Debug|Any CPU
		{AB779CB6-40C4-4135-94B3-BB55538093C4}.Debug|iPhone.ActiveCfg = Debug|Any CPU
		{AB779CB6-40C4-4135-94B3-BB55538093C4}.Debug|iPhone.Build.0 = Debug|Any CPU
		{AB779CB6-40C4-4135-94B3-BB55538093C4}.Debug|iPhoneSimulator.ActiveCfg = Debug|Any CPU
		{AB779CB6-40C4-4135-94B3-BB55538093C4}.Debug|iPhoneSimulator.Build.0 = Debug|Any CPU
		{AB779CB6-40C4-4135-94B3-BB55538093C4}.Debug|x64.ActiveCfg = Debug|Any CPU
		{AB779CB6-40C4-4135-94B3-BB55538093C4}.Debug|x64.Build.0 = Debug|Any CPU
		{AB779CB6-40C4-4135-94B3-BB55538093C4}.Debug|x86.ActiveCfg = Debug|Any CPU
		{AB779CB6-40C4-4135-94B3-BB55538093C4}.Debug|x86.Build.0 = Debug|Any CPU
		{AB779CB6-40C4-4135-94B3-BB55538093C4}.Release|Any CPU.ActiveCfg = Release|Any CPU
		{AB779CB6-40C4-4135-94B3-BB55538093C4}.Release|Any CPU.Build.0 = Release|Any CPU
		{AB779CB6-40C4-4135-94B3-BB55538093C4}.Release|ARM.ActiveCfg = Release|Any CPU
		{AB779CB6-40C4-4135-94B3-BB55538093C4}.Release|ARM.Build.0 = Release|Any CPU
		{AB779CB6-40C4-4135-94B3-BB55538093C4}.Release|iPhone.ActiveCfg = Release|Any CPU
		{AB779CB6-40C4-4135-94B3-BB55538093C4}.Release|iPhone.Build.0 = Release|Any CPU
		{AB779CB6-40C4-4135-94B3-BB55538093C4}.Release|iPhoneSimulator.ActiveCfg = Release|Any CPU
		{AB779CB6-40C4-4135-94B3-BB55538093C4}.Release|iPhoneSimulator.Build.0 = Release|Any CPU
		{AB779CB6-40C4-4135-94B3-BB55538093C4}.Release|x64.ActiveCfg = Release|Any CPU
		{AB779CB6-40C4-4135-94B3-BB55538093C4}.Release|x64.Build.0 = Release|Any CPU
		{AB779CB6-40C4-4135-94B3-BB55538093C4}.Release|x86.ActiveCfg = Release|Any CPU
		{AB779CB6-40C4-4135-94B3-BB55538093C4}.Release|x86.Build.0 = Release|Any CPU
		{D45E7840-15E5-4925-8FD2-9328629270BD}.Ad-Hoc|Any CPU.ActiveCfg = Ad-Hoc|iPhone
		{D45E7840-15E5-4925-8FD2-9328629270BD}.Ad-Hoc|ARM.ActiveCfg = Ad-Hoc|iPhone
		{D45E7840-15E5-4925-8FD2-9328629270BD}.Ad-Hoc|iPhone.ActiveCfg = Ad-Hoc|iPhone
		{D45E7840-15E5-4925-8FD2-9328629270BD}.Ad-Hoc|iPhone.Build.0 = Ad-Hoc|iPhone
		{D45E7840-15E5-4925-8FD2-9328629270BD}.Ad-Hoc|iPhoneSimulator.ActiveCfg = Ad-Hoc|iPhoneSimulator
		{D45E7840-15E5-4925-8FD2-9328629270BD}.Ad-Hoc|iPhoneSimulator.Build.0 = Ad-Hoc|iPhoneSimulator
		{D45E7840-15E5-4925-8FD2-9328629270BD}.Ad-Hoc|x64.ActiveCfg = Ad-Hoc|iPhone
		{D45E7840-15E5-4925-8FD2-9328629270BD}.Ad-Hoc|x86.ActiveCfg = Ad-Hoc|iPhone
		{D45E7840-15E5-4925-8FD2-9328629270BD}.AppStore|Any CPU.ActiveCfg = AppStore|iPhone
		{D45E7840-15E5-4925-8FD2-9328629270BD}.AppStore|ARM.ActiveCfg = AppStore|iPhone
		{D45E7840-15E5-4925-8FD2-9328629270BD}.AppStore|iPhone.ActiveCfg = AppStore|iPhone
		{D45E7840-15E5-4925-8FD2-9328629270BD}.AppStore|iPhone.Build.0 = AppStore|iPhone
		{D45E7840-15E5-4925-8FD2-9328629270BD}.AppStore|iPhoneSimulator.ActiveCfg = AppStore|iPhoneSimulator
		{D45E7840-15E5-4925-8FD2-9328629270BD}.AppStore|iPhoneSimulator.Build.0 = AppStore|iPhoneSimulator
		{D45E7840-15E5-4925-8FD2-9328629270BD}.AppStore|x64.ActiveCfg = AppStore|iPhone
		{D45E7840-15E5-4925-8FD2-9328629270BD}.AppStore|x86.ActiveCfg = AppStore|iPhone
		{D45E7840-15E5-4925-8FD2-9328629270BD}.Debug|Any CPU.ActiveCfg = Debug|iPhone
		{D45E7840-15E5-4925-8FD2-9328629270BD}.Debug|ARM.ActiveCfg = Debug|iPhone
		{D45E7840-15E5-4925-8FD2-9328629270BD}.Debug|iPhone.ActiveCfg = Debug|iPhone
		{D45E7840-15E5-4925-8FD2-9328629270BD}.Debug|iPhone.Build.0 = Debug|iPhone
		{D45E7840-15E5-4925-8FD2-9328629270BD}.Debug|iPhoneSimulator.ActiveCfg = Debug|iPhoneSimulator
		{D45E7840-15E5-4925-8FD2-9328629270BD}.Debug|iPhoneSimulator.Build.0 = Debug|iPhoneSimulator
		{D45E7840-15E5-4925-8FD2-9328629270BD}.Debug|x64.ActiveCfg = Debug|iPhone
		{D45E7840-15E5-4925-8FD2-9328629270BD}.Debug|x86.ActiveCfg = Debug|iPhone
		{D45E7840-15E5-4925-8FD2-9328629270BD}.Release|Any CPU.ActiveCfg = Release|iPhone
		{D45E7840-15E5-4925-8FD2-9328629270BD}.Release|ARM.ActiveCfg = Release|iPhone
		{D45E7840-15E5-4925-8FD2-9328629270BD}.Release|iPhone.ActiveCfg = Release|iPhone
		{D45E7840-15E5-4925-8FD2-9328629270BD}.Release|iPhone.Build.0 = Release|iPhone
		{D45E7840-15E5-4925-8FD2-9328629270BD}.Release|iPhoneSimulator.ActiveCfg = Release|iPhoneSimulator
		{D45E7840-15E5-4925-8FD2-9328629270BD}.Release|iPhoneSimulator.Build.0 = Release|iPhoneSimulator
		{D45E7840-15E5-4925-8FD2-9328629270BD}.Release|x64.ActiveCfg = Release|iPhone
		{D45E7840-15E5-4925-8FD2-9328629270BD}.Release|x86.ActiveCfg = Release|iPhone
		{634ADA29-F11E-489D-AA95-2EF16457ED1E}.Ad-Hoc|Any CPU.ActiveCfg = Release|Any CPU
		{634ADA29-F11E-489D-AA95-2EF16457ED1E}.Ad-Hoc|Any CPU.Build.0 = Release|Any CPU
		{634ADA29-F11E-489D-AA95-2EF16457ED1E}.Ad-Hoc|Any CPU.Deploy.0 = Release|Any CPU
		{634ADA29-F11E-489D-AA95-2EF16457ED1E}.Ad-Hoc|ARM.ActiveCfg = Release|Any CPU
		{634ADA29-F11E-489D-AA95-2EF16457ED1E}.Ad-Hoc|ARM.Build.0 = Release|Any CPU
		{634ADA29-F11E-489D-AA95-2EF16457ED1E}.Ad-Hoc|ARM.Deploy.0 = Release|Any CPU
		{634ADA29-F11E-489D-AA95-2EF16457ED1E}.Ad-Hoc|iPhone.ActiveCfg = Release|Any CPU
		{634ADA29-F11E-489D-AA95-2EF16457ED1E}.Ad-Hoc|iPhone.Build.0 = Release|Any CPU
		{634ADA29-F11E-489D-AA95-2EF16457ED1E}.Ad-Hoc|iPhone.Deploy.0 = Release|Any CPU
		{634ADA29-F11E-489D-AA95-2EF16457ED1E}.Ad-Hoc|iPhoneSimulator.ActiveCfg = Release|Any CPU
		{634ADA29-F11E-489D-AA95-2EF16457ED1E}.Ad-Hoc|iPhoneSimulator.Build.0 = Release|Any CPU
		{634ADA29-F11E-489D-AA95-2EF16457ED1E}.Ad-Hoc|iPhoneSimulator.Deploy.0 = Release|Any CPU
		{634ADA29-F11E-489D-AA95-2EF16457ED1E}.Ad-Hoc|x64.ActiveCfg = Release|Any CPU
		{634ADA29-F11E-489D-AA95-2EF16457ED1E}.Ad-Hoc|x64.Build.0 = Release|Any CPU
		{634ADA29-F11E-489D-AA95-2EF16457ED1E}.Ad-Hoc|x64.Deploy.0 = Release|Any CPU
		{634ADA29-F11E-489D-AA95-2EF16457ED1E}.Ad-Hoc|x86.ActiveCfg = Release|Any CPU
		{634ADA29-F11E-489D-AA95-2EF16457ED1E}.Ad-Hoc|x86.Build.0 = Release|Any CPU
		{634ADA29-F11E-489D-AA95-2EF16457ED1E}.Ad-Hoc|x86.Deploy.0 = Release|Any CPU
		{634ADA29-F11E-489D-AA95-2EF16457ED1E}.AppStore|Any CPU.ActiveCfg = Release|Any CPU
		{634ADA29-F11E-489D-AA95-2EF16457ED1E}.AppStore|Any CPU.Build.0 = Release|Any CPU
		{634ADA29-F11E-489D-AA95-2EF16457ED1E}.AppStore|Any CPU.Deploy.0 = Release|Any CPU
		{634ADA29-F11E-489D-AA95-2EF16457ED1E}.AppStore|ARM.ActiveCfg = Release|Any CPU
		{634ADA29-F11E-489D-AA95-2EF16457ED1E}.AppStore|ARM.Build.0 = Release|Any CPU
		{634ADA29-F11E-489D-AA95-2EF16457ED1E}.AppStore|ARM.Deploy.0 = Release|Any CPU
		{634ADA29-F11E-489D-AA95-2EF16457ED1E}.AppStore|iPhone.ActiveCfg = Release|Any CPU
		{634ADA29-F11E-489D-AA95-2EF16457ED1E}.AppStore|iPhone.Build.0 = Release|Any CPU
		{634ADA29-F11E-489D-AA95-2EF16457ED1E}.AppStore|iPhone.Deploy.0 = Release|Any CPU
		{634ADA29-F11E-489D-AA95-2EF16457ED1E}.AppStore|iPhoneSimulator.ActiveCfg = Release|Any CPU
		{634ADA29-F11E-489D-AA95-2EF16457ED1E}.AppStore|iPhoneSimulator.Build.0 = Release|Any CPU
		{634ADA29-F11E-489D-AA95-2EF16457ED1E}.AppStore|iPhoneSimulator.Deploy.0 = Release|Any CPU
		{634ADA29-F11E-489D-AA95-2EF16457ED1E}.AppStore|x64.ActiveCfg = Release|Any CPU
		{634ADA29-F11E-489D-AA95-2EF16457ED1E}.AppStore|x64.Build.0 = Release|Any CPU
		{634ADA29-F11E-489D-AA95-2EF16457ED1E}.AppStore|x64.Deploy.0 = Release|Any CPU
		{634ADA29-F11E-489D-AA95-2EF16457ED1E}.AppStore|x86.ActiveCfg = Release|Any CPU
		{634ADA29-F11E-489D-AA95-2EF16457ED1E}.AppStore|x86.Build.0 = Release|Any CPU
		{634ADA29-F11E-489D-AA95-2EF16457ED1E}.AppStore|x86.Deploy.0 = Release|Any CPU
		{634ADA29-F11E-489D-AA95-2EF16457ED1E}.Debug|Any CPU.ActiveCfg = Debug|Any CPU
		{634ADA29-F11E-489D-AA95-2EF16457ED1E}.Debug|Any CPU.Build.0 = Debug|Any CPU
		{634ADA29-F11E-489D-AA95-2EF16457ED1E}.Debug|Any CPU.Deploy.0 = Debug|Any CPU
		{634ADA29-F11E-489D-AA95-2EF16457ED1E}.Debug|ARM.ActiveCfg = Debug|Any CPU
		{634ADA29-F11E-489D-AA95-2EF16457ED1E}.Debug|ARM.Build.0 = Debug|Any CPU
		{634ADA29-F11E-489D-AA95-2EF16457ED1E}.Debug|ARM.Deploy.0 = Debug|Any CPU
		{634ADA29-F11E-489D-AA95-2EF16457ED1E}.Debug|iPhone.ActiveCfg = Debug|Any CPU
		{634ADA29-F11E-489D-AA95-2EF16457ED1E}.Debug|iPhone.Build.0 = Debug|Any CPU
		{634ADA29-F11E-489D-AA95-2EF16457ED1E}.Debug|iPhone.Deploy.0 = Debug|Any CPU
		{634ADA29-F11E-489D-AA95-2EF16457ED1E}.Debug|iPhoneSimulator.ActiveCfg = Debug|Any CPU
		{634ADA29-F11E-489D-AA95-2EF16457ED1E}.Debug|iPhoneSimulator.Build.0 = Debug|Any CPU
		{634ADA29-F11E-489D-AA95-2EF16457ED1E}.Debug|iPhoneSimulator.Deploy.0 = Debug|Any CPU
		{634ADA29-F11E-489D-AA95-2EF16457ED1E}.Debug|x64.ActiveCfg = Debug|Any CPU
		{634ADA29-F11E-489D-AA95-2EF16457ED1E}.Debug|x64.Build.0 = Debug|Any CPU
		{634ADA29-F11E-489D-AA95-2EF16457ED1E}.Debug|x64.Deploy.0 = Debug|Any CPU
		{634ADA29-F11E-489D-AA95-2EF16457ED1E}.Debug|x86.ActiveCfg = Debug|Any CPU
		{634ADA29-F11E-489D-AA95-2EF16457ED1E}.Debug|x86.Build.0 = Debug|Any CPU
		{634ADA29-F11E-489D-AA95-2EF16457ED1E}.Debug|x86.Deploy.0 = Debug|Any CPU
		{634ADA29-F11E-489D-AA95-2EF16457ED1E}.Release|Any CPU.ActiveCfg = Release|Any CPU
		{634ADA29-F11E-489D-AA95-2EF16457ED1E}.Release|Any CPU.Build.0 = Release|Any CPU
		{634ADA29-F11E-489D-AA95-2EF16457ED1E}.Release|Any CPU.Deploy.0 = Release|Any CPU
		{634ADA29-F11E-489D-AA95-2EF16457ED1E}.Release|ARM.ActiveCfg = Release|Any CPU
		{634ADA29-F11E-489D-AA95-2EF16457ED1E}.Release|ARM.Build.0 = Release|Any CPU
		{634ADA29-F11E-489D-AA95-2EF16457ED1E}.Release|ARM.Deploy.0 = Release|Any CPU
		{634ADA29-F11E-489D-AA95-2EF16457ED1E}.Release|iPhone.ActiveCfg = Release|Any CPU
		{634ADA29-F11E-489D-AA95-2EF16457ED1E}.Release|iPhone.Build.0 = Release|Any CPU
		{634ADA29-F11E-489D-AA95-2EF16457ED1E}.Release|iPhone.Deploy.0 = Release|Any CPU
		{634ADA29-F11E-489D-AA95-2EF16457ED1E}.Release|iPhoneSimulator.ActiveCfg = Release|Any CPU
		{634ADA29-F11E-489D-AA95-2EF16457ED1E}.Release|iPhoneSimulator.Build.0 = Release|Any CPU
		{634ADA29-F11E-489D-AA95-2EF16457ED1E}.Release|iPhoneSimulator.Deploy.0 = Release|Any CPU
		{634ADA29-F11E-489D-AA95-2EF16457ED1E}.Release|x64.ActiveCfg = Release|Any CPU
		{634ADA29-F11E-489D-AA95-2EF16457ED1E}.Release|x64.Build.0 = Release|Any CPU
		{634ADA29-F11E-489D-AA95-2EF16457ED1E}.Release|x64.Deploy.0 = Release|Any CPU
		{634ADA29-F11E-489D-AA95-2EF16457ED1E}.Release|x86.ActiveCfg = Release|Any CPU
		{634ADA29-F11E-489D-AA95-2EF16457ED1E}.Release|x86.Build.0 = Release|Any CPU
		{634ADA29-F11E-489D-AA95-2EF16457ED1E}.Release|x86.Deploy.0 = Release|Any CPU
	EndGlobalSection
	GlobalSection(SolutionProperties) = preSolution
		HideSolutionNode = FALSE
	EndGlobalSection
	GlobalSection(ExtensibilityGlobals) = postSolution
		SolutionGuid = {F6D05029-56B8-4E45-AF2D-0E76295DDBA2}
	EndGlobalSection
EndGlobal
